{
  "version": "5",
  "specifiers": {
    "npm:typescript@5.4.5": "5.4.5"
  },
  "npm": {
    "typescript@5.4.5": {
      "integrity": "sha512-vcI4UpRgg81oIRUFwR0WSIHKt11nJ7SAVlYNIu+QpqeyXP+gpQJy/Z4+F0aGxSE4MqwjyXvW/TzgkLAx2AGHwQ==",
      "bin": true
    }
  },
  "workspace": {
    "dependencies": [
      "jsr:@std/assert@1",
      "npm:typescript@5.4.5"
    ]
  }
}
